
Microsoft Visual Studio Solution File, Format Version 12.00
# Visual Studio Version 16
VisualStudioVersion = 16.0.31025.194
MinimumVisualStudioVersion = 10.0.40219.1
Project("{8BC9CEB8-8B4A-11D0-8D11-00A0C91BC942}") = "RubicCore", "RubicCore\RubicCore.vcxproj", "{914A9D4B-7670-49E5-8C47-A6C9D92A514C}"
EndProject
Project("{8BC9CEB8-8B4A-11D0-8D11-00A0C91BC942}") = "RubicSFML", "RubicSFML\RubicSFML.vcxproj", "{6BE15F0E-9701-40B2-B797-D48605C46541}"
EndProject
Global
	GlobalSection(SolutionConfigurationPlatforms) = preSolution
		Debug|x64 = Debug|x64
		Debug|x86 = Debug|x86
		Release|x64 = Release|x64
		Release|x86 = Release|x86
	EndGlobalSection
	GlobalSection(ProjectConfigurationPlatforms) = postSolution
		{914A9D4B-7670-49E5-8C47-A6C9D92A514C}.Debug|x64.ActiveCfg = Debug|x64
		{914A9D4B-7670-49E5-8C47-A6C9D92A514C}.Debug|x64.Build.0 = Debug|x64
		{914A9D4B-7670-49E5-8C47-A6C9D92A514C}.Debug|x86.ActiveCfg = Debug|Win32
		{914A9D4B-7670-49E5-8C47-A6C9D92A514C}.Debug|x86.Build.0 = Debug|Win32
		{914A9D4B-7670-49E5-8C47-A6C9D92A514C}.Release|x64.ActiveCfg = Release|x64
		{914A9D4B-7670-49E5-8C47-A6C9D92A514C}.Release|x64.Build.0 = Release|x64
		{914A9D4B-7670-49E5-8C47-A6C9D92A514C}.Release|x86.ActiveCfg = Release|Win32
		{914A9D4B-7670-49E5-8C47-A6C9D92A514C}.Release|x86.Build.0 = Release|Win32
		{6BE15F0E-9701-40B2-B797-D48605C46541}.Debug|x64.ActiveCfg = Debug|x64
		{6BE15F0E-9701-40B2-B797-D48605C46541}.Debug|x64.Build.0 = Debug|x64
		{6BE15F0E-9701-40B2-B797-D48605C46541}.Debug|x86.ActiveCfg = Debug|Win32
		{6BE15F0E-9701-40B2-B797-D48605C46541}.Debug|x86.Build.0 = Debug|Win32
		{6BE15F0E-9701-40B2-B797-D48605C46541}.Release|x64.ActiveCfg = Release|x64
		{6BE15F0E-9701-40B2-B797-D48605C46541}.Release|x64.Build.0 = Release|x64
		{6BE15F0E-9701-40B2-B797-D48605C46541}.Release|x86.ActiveCfg = Release|Win32
		{6BE15F0E-9701-40B2-B797-D48605C46541}.Release|x86.Build.0 = Release|Win32
	EndGlobalSection
	GlobalSection(SolutionProperties) = preSolution
		HideSolutionNode = FALSE
	EndGlobalSection
	GlobalSection(ExtensibilityGlobals) = postSolution
		SolutionGuid = {A4A35F17-5EC8-42A1-AAB2-5126D6F62BC4}
	EndGlobalSection
EndGlobal
